{
  "requires": true,
  "lockfileVersion": 1,
  "dependencies": {
    "@types/json-schema": {
      "version": "7.0.7",
      "resolved": "https://registry.npm.taobao.org/@types/json-schema/download/@types/json-schema-7.0.7.tgz?cache=0&sync_timestamp=1613378919536&other_urls=https%3A%2F%2Fregistry.npm.taobao.org%2F%40types%2Fjson-schema%2Fdownload%2F%40types%2Fjson-schema-7.0.7.tgz",
      "integrity": "sha1-mKmTUWyFnrDVxMjwmDF6nqaNua0="
    },
    "ajv": {
      "version": "6.12.6",
      "resolved": "https://registry.npm.taobao.org/ajv/download/ajv-6.12.6.tgz?cache=0&sync_timestamp=1613553016724&other_urls=https%3A%2F%2Fregistry.npm.taobao.org%2Fajv%2Fdownload%2Fajv-6.12.6.tgz",
      "integrity": "sha1-uvWmLoArB9l3A0WG+MO69a3ybfQ=",
      "requires": {
        "fast-deep-equal": "^3.1.1",
        "fast-json-stable-stringify": "^2.0.0",
        "json-schema-traverse": "^0.4.1",
        "uri-js": "^4.2.2"
      }
    },
    "ajv-keywords": {
      "version": "3.5.2",
      "resolved": "https://registry.npm.taobao.org/ajv-keywords/download/ajv-keywords-3.5.2.tgz?cache=0&sync_timestamp=1608062612017&other_urls=https%3A%2F%2Fregistry.npm.taobao.org%2Fajv-keywords%2Fdownload%2Fajv-keywords-3.5.2.tgz",
      "integrity": "sha1-MfKdpatuANHC0yms97WSlhTVAU0="
    },
    "babel-plugin-syntax-dynamic-import": {
      "version": "6.18.0",
      "resolved": "https://registry.npm.taobao.org/babel-plugin-syntax-dynamic-import/download/babel-plugin-syntax-dynamic-import-6.18.0.tgz",
      "integrity": "sha1-jWomIpyDdFqZgqRBBRVyyqF5sdo="
    },
    "big.js": {
      "version": "5.2.2",
      "resolved": "https://registry.npm.taobao.org/big.js/download/big.js-5.2.2.tgz",
      "integrity": "sha1-ZfCvOC9Xi83HQr2cKB6cstd2gyg="
    },
    "emojis-list": {
      "version": "3.0.0",
      "resolved": "https://registry.npm.taobao.org/emojis-list/download/emojis-list-3.0.0.tgz",
      "integrity": "sha1-VXBmIEatKeLpFucariYKvf9Pang="
    },
    "fast-deep-equal": {
      "version": "3.1.3",
      "resolved": "https://registry.npm.taobao.org/fast-deep-equal/download/fast-deep-equal-3.1.3.tgz",
      "integrity": "sha1-On1WtVnWy8PrUSMlJE5hmmXGxSU="
    },
    "fast-json-stable-stringify": {
      "version": "2.1.0",
      "resolved": "https://registry.npm.taobao.org/fast-json-stable-stringify/download/fast-json-stable-stringify-2.1.0.tgz",
      "integrity": "sha1-h0v2nG9ATCtdmcSBNBOZ/VWJJjM="
    },
    "json-schema-traverse": {
      "version": "0.4.1",
      "resolved": "https://registry.npm.taobao.org/json-schema-traverse/download/json-schema-traverse-0.4.1.tgz",
      "integrity": "sha1-afaofZUTq4u4/mO9sJecRI5oRmA="
    },
    "json5": {
      "version": "1.0.1",
      "resolved": "https://registry.npm.taobao.org/json5/download/json5-1.0.1.tgz",
      "integrity": "sha1-d5+wAYYE+oVOrL9iUhgNg1Q+Pb4=",
      "requires": {
        "minimist": "^1.2.0"
      }
    },
    "loader-utils": {
      "version": "1.4.0",
      "resolved": "https://registry.npm.taobao.org/loader-utils/download/loader-utils-1.4.0.tgz",
      "integrity": "sha1-xXm140yzSxp07cbB+za/o3HVphM=",
      "requires": {
        "big.js": "^5.2.2",
        "emojis-list": "^3.0.0",
        "json5": "^1.0.1"
      }
    },
    "minimist": {
      "version": "1.2.5",
      "resolved": "https://registry.npm.taobao.org/minimist/download/minimist-1.2.5.tgz",
      "integrity": "sha1-Z9ZgFLZqaoqqDAg8X9WN9OTpdgI="
    },
    "pdf": {
      "version": "0.1.0",
      "resolved": "https://registry.npm.taobao.org/pdf/download/pdf-0.1.0.tgz",
      "integrity": "sha1-Uk0yFTWg33O6jCyY9CHvfNVJ42M="
    },
    "pdfjs-dist": {
      "version": "2.6.347",
      "resolved": "https://registry.npm.taobao.org/pdfjs-dist/download/pdfjs-dist-2.6.347.tgz?cache=0&sync_timestamp=1611605859578&other_urls=https%3A%2F%2Fregistry.npm.taobao.org%2Fpdfjs-dist%2Fdownload%2Fpdfjs-dist-2.6.347.tgz",
      "integrity": "sha1-8lftZug76QDND9KFJKIYf7niXNU="
    },
    "punycode": {
      "version": "2.1.1",
      "resolved": "https://registry.npm.taobao.org/punycode/download/punycode-2.1.1.tgz",
      "integrity": "sha1-tYsBCsQMIsVldhbI0sLALHv0eew="
    },
    "raw-loader": {
      "version": "4.0.2",
      "resolved": "https://registry.npm.taobao.org/raw-loader/download/raw-loader-4.0.2.tgz",
      "integrity": "sha1-GqxrfRrRUB5m79rBUixz5ZpYTrY=",
      "requires": {
        "loader-utils": "^2.0.0",
        "schema-utils": "^3.0.0"
      },
      "dependencies": {
        "json5": {
          "version": "2.2.0",
          "resolved": "https://registry.npm.taobao.org/json5/download/json5-2.2.0.tgz",
          "integrity": "sha1-Lf7+cgxrpSXZ69kJlQ8FFTFsiaM=",
          "requires": {
            "minimist": "^1.2.5"
          }
        },
        "loader-utils": {
          "version": "2.0.0",
          "resolved": "https://registry.npm.taobao.org/loader-utils/download/loader-utils-2.0.0.tgz",
          "integrity": "sha1-5MrOW4FtQloWa18JfhDNErNgZLA=",
          "requires": {
            "big.js": "^5.2.2",
            "emojis-list": "^3.0.0",
            "json5": "^2.1.2"
          }
        }
      }
    },
    "schema-utils": {
      "version": "3.0.0",
      "resolved": "https://registry.npm.taobao.org/schema-utils/download/schema-utils-3.0.0.tgz?cache=0&other_urls=https%3A%2F%2Fregistry.npm.taobao.org%2Fschema-utils%2Fdownload%2Fschema-utils-3.0.0.tgz",
      "integrity": "sha1-Z1AvaqK2ai1AMrQnmilEl4oJE+8=",
      "requires": {
        "@types/json-schema": "^7.0.6",
        "ajv": "^6.12.5",
        "ajv-keywords": "^3.5.2"
      }
    },
    "uri-js": {
      "version": "4.4.1",
      "resolved": "https://registry.npm.taobao.org/uri-js/download/uri-js-4.4.1.tgz?cache=0&sync_timestamp=1610237641463&other_urls=https%3A%2F%2Fregistry.npm.taobao.org%2Furi-js%2Fdownload%2Furi-js-4.4.1.tgz",
      "integrity": "sha1-mxpSWVIlhZ5V9mnZKPiMbFfyp34=",
      "requires": {
        "punycode": "^2.1.0"
      }
    },
    "vue-pdf": {
      "version": "4.2.0",
      "resolved": "https://registry.npm.taobao.org/vue-pdf/download/vue-pdf-4.2.0.tgz",
      "integrity": "sha1-1VPipGcE+azRVHnYzzLHPpCYm3c=",
      "requires": {
        "babel-plugin-syntax-dynamic-import": "^6.18.0",
        "loader-utils": "^1.4.0",
        "pdfjs-dist": "^2.5.207",
        "raw-loader": "^4.0.1",
        "vue-resize-sensor": "^2.0.0",
        "worker-loader": "^2.0.0"
      }
    },
    "vue-resize-sensor": {
      "version": "2.0.0",
      "resolved": "https://registry.npm.taobao.org/vue-resize-sensor/download/vue-resize-sensor-2.0.0.tgz",
      "integrity": "sha1-Olh/1oAuFohwnPLFqtrnoAdZUr8="
    },
    "worker-loader": {
      "version": "2.0.0",
      "resolved": "https://registry.npm.taobao.org/worker-loader/download/worker-loader-2.0.0.tgz?cache=0&sync_timestamp=1613048480126&other_urls=https%3A%2F%2Fregistry.npm.taobao.org%2Fworker-loader%2Fdownload%2Fworker-loader-2.0.0.tgz",
      "integrity": "sha1-Rf2j73asqBV3GokQc5nuQRm0MKw=",
      "requires": {
        "loader-utils": "^1.0.0",
        "schema-utils": "^0.4.0"
      },
      "dependencies": {
        "schema-utils": {
          "version": "0.4.7",
          "resolved": "https://registry.npm.taobao.org/schema-utils/download/schema-utils-0.4.7.tgz?cache=0&other_urls=https%3A%2F%2Fregistry.npm.taobao.org%2Fschema-utils%2Fdownload%2Fschema-utils-0.4.7.tgz",
          "integrity": "sha1-unT1l9K+LqiAExdG7hfQoJPGgYc=",
          "requires": {
            "ajv": "^6.1.0",
            "ajv-keywords": "^3.1.0"
          }
        }
      }
    }
  }
}
